lockfileVersion: '9.0'

settings:
  autoInstallPeers: true
  excludeLinksFromLockfile: false

importers:

  .:
    dependencies:
      agent-browser:
        specifier: 0.33.2
        version: 0.33.2

packages:

  agent-browser@0.33.2:
    resolution: {integrity: sha512-e+TZ0G04uw2rs+lVB8gn0IWTT7ErfiAl3jQ4zNNwyqDhgXWJKhqxYKkyibjuBGXLzx/APlzU3IWAsOVdRwh0DA==}
    engines: {node: '>=24.0.0', pnpm: '>=11.0.0'}
    hasBin: true

snapshots:

  agent-browser@0.33.2: {}
